// !$*UTF8*$!
{
	archiveVersion = 1;
	classes = {
	};
	objectVersion = 55;
	objects = {

/* Begin PBXBuildFile section */
		A95D78452795D8D20058A3E8 /* AppDelegate.swift in Sources */ = {isa = PBXBuildFile; fileRef = A95D78442795D8D20058A3E8 /* AppDelegate.swift */; };
		A95D78472795D8D20058A3E8 /* SceneDelegate.swift in Sources */ = {isa = PBXBuildFile; fileRef = A95D78462795D8D20058A3E8 /* SceneDelegate.swift */; };
		A95D78492795D8D20058A3E8 /* ViewController.swift in Sources */ = {isa = PBXBuildFile; fileRef = A95D78482795D8D20058A3E8 /* ViewController.swift */; };
		A95D784C2795D8D20058A3E8 /* Main.storyboard in Resources */ = {isa = PBXBuildFile; fileRef = A95D784A2795D8D20058A3E8 /* Main.storyboard */; };
		A95D784E2795D8D30058A3E8 /* Assets.xcassets in Resources */ = {isa = PBXBuildFile; fileRef = A95D784D2795D8D30058A3E8 /* Assets.xcassets */; };
		A95D78512795D8D30058A3E8 /* LaunchScreen.storyboard in Resources */ = {isa = PBXBuildFile; fileRef = A95D784F2795D8D30058A3E8 /* LaunchScreen.storyboard */; };
		A95D785C2795D8D40058A3E8 /* animationTests.swift in Sources */ = {isa = PBXBuildFile; fileRef = A95D785B2795D8D40058A3E8 /* animationTests.swift */; };
		A95D78662795D8D40058A3E8 /* animationUITests.swift in Sources */ = {isa = PBXBuildFile; fileRef = A95D78652795D8D40058A3E8 /* animationUITests.swift */; };
		A95D78682795D8D40058A3E8 /* animationUITestsLaunchTests.swift in Sources */ = {isa = PBXBuildFile; fileRef = A95D78672795D8D40058A3E8 /* animationUITestsLaunchTests.swift */; };
/* End PBXBuildFile section */

/* Begin PBXContainerItemProxy section */
		A95D78582795D8D40058A3E8 /* PBXContainerItemProxy */ = {
			isa = PBXContainerItemProxy;
			containerPortal = A95D78392795D8D10058A3E8 /* Project object */;
			proxyType = 1;
			remoteGlobalIDString = A95D78402795D8D20058A3E8;
			remoteInfo = animation;
		};
		A95D78622795D8D40058A3E8 /* PBXContainerItemProxy */ = {
			isa = PBXContainerItemProxy;
			containerPortal = A95D78392795D8D10058A3E8 /* Project object */;
			proxyType = 1;
			remoteGlobalIDString = A95D78402795D8D20058A3E8;
			remoteInfo = animation;
		};
/* End PBXContainerItemProxy section */

/* Begin PBXFileReference section */
		A95D78412795D8D20058A3E8 /* animation.app */ = {isa = PBXFileReference; explicitFileType = wrapper.application; includeInIndex = 0; path = animation.app; sourceTree = BUILT_PRODUCTS_DIR; };
		A95D78442795D8D20058A3E8 /* AppDelegate.swift */ = {isa = PBXFileReference; lastKnownFileType = sourcecode.swift; path = AppDelegate.swift; sourceTree = "<group>"; };
		A95D78462795D8D20058A3E8 /* SceneDelegate.swift */ = {isa = PBXFileReference; lastKnownFileType = sourcecode.swift; path = SceneDelegate.swift; sourceTree = "<group>"; };
		A95D78482795D8D20058A3E8 /* ViewController.swift */ = {isa = PBXFileReference; lastKnownFileType = sourcecode.swift; path = ViewController.swift; sourceTree = "<group>"; };
		A95D784B2795D8D20058A3E8 /* Base */ = {isa = PBXFileReference; lastKnownFileType = file.storyboard; name = Base; path = Base.lproj/Main.storyboard; sourceTree = "<group>"; };
		A95D784D2795D8D30058A3E8 /* Assets.xcassets */ = {isa = PBXFileReference; lastKnownFileType = folder.assetcatalog; path = Assets.xcassets; sourceTree = "<group>"; };
		A95D78502795D8D30058A3E8 /* Base */ = {isa = PBXFileReference; lastKnownFileType = file.storyboard; name = Base; path = Base.lproj/LaunchScreen.storyboard; sourceTree = "<group>"; };
		A95D78522795D8D30058A3E8 /* Info.plist */ = {isa = PBXFileReference; lastKnownFileType = text.plist.xml; path = Info.plist; sourceTree = "<group>"; };
		A95D78572795D8D40058A3E8 /* animationTests.xctest */ = {isa = PBXFileReference; explicitFileType = wrapper.cfbundle; includeInIndex = 0; path = animationTests.xctest; sourceTree = BUILT_PRODUCTS_DIR; };
		A95D785B2795D8D40058A3E8 /* animationTests.swift */ = {isa = PBXFileReference; lastKnownFileType = sourcecode.swift; path = animationTests.swift; sourceTree = "<group>"; };
		A95D78612795D8D40058A3E8 /* animationUITests.xctest */ = {isa = PBXFileReference; explicitFileType = wrapper.cfbundle; includeInIndex = 0; path = animationUITests.xctest; sourceTree = BUILT_PRODUCTS_DIR; };
		A95D78652795D8D40058A3E8 /* animationUITests.swift */ = {isa = PBXFileReference; lastKnownFileType = sourcecode.swift; path = animationUITests.swift; sourceTree = "<group>"; };
		A95D78672795D8D40058A3E8 /* animationUITestsLaunchTests.swift */ = {isa = PBXFileReference; lastKnownFileType = sourcecode.swift; path = animationUITestsLaunchTests.swift; sourceTree = "<group>"; };
/* End PBXFileReference section */

/* Begin PBXFrameworksBuildPhase section */
		A95D783E2795D8D20058A3E8 /* Frameworks */ = {
			isa = PBXFrameworksBuildPhase;
			buildActionMask = 2147483647;
			files = (
			);
			runOnlyForDeploymentPostprocessing = 0;
		};
		A95D78542795D8D40058A3E8 /* Frameworks */ = {
			isa = PBXFrameworksBuildPhase;
			buildActionMask = 2147483647;
			files = (
			);
			runOnlyForDeploymentPostprocessing = 0;
		};
		A95D785E2795D8D40058A3E8 /* Frameworks */ = {
			isa = PBXFrameworksBuildPhase;
			buildActionMask = 2147483647;
			files = (
			);
			runOnlyForDeploymentPostprocessing = 0;
		};
/* End PBXFrameworksBuildPhase section */

/* Begin PBXGroup section */
		A95D78382795D8D10058A3E8 = {
			isa = PBXGroup;
			children = (
				A95D78432795D8D20058A3E8 /* animation */,
				A95D785A2795D8D40058A3E8 /* animationTests */,
				A95D78642795D8D40058A3E8 /* animationUITests */,
				A95D78422795D8D20058A3E8 /* Products */,
			);
			sourceTree = "<group>";
		};
		A95D78422795D8D20058A3E8 /* Products */ = {
			isa = PBXGroup;
			children = (
				A95D78412795D8D20058A3E8 /* animation.app */,
				A95D78572795D8D40058A3E8 /* animationTests.xctest */,
				A95D78612795D8D40058A3E8 /* animationUITests.xctest */,
			);
			name = Products;
			sourceTree = "<group>";
		};
		A95D78432795D8D20058A3E8 /* animation */ = {
			isa = PBXGroup;
			children = (
				A95D78442795D8D20058A3E8 /* AppDelegate.swift */,
				A95D78462795D8D20058A3E8 /* SceneDelegate.swift */,
				A95D78482795D8D20058A3E8 /* ViewController.swift */,
				A95D784A2795D8D20058A3E8 /* Main.storyboard */,
				A95D784D2795D8D30058A3E8 /* Assets.xcassets */,
				A95D784F2795D8D30058A3E8 /* LaunchScreen.storyboard */,
				A95D78522795D8D30058A3E8 /* Info.plist */,
			);
			path = animation;
			sourceTree = "<group>";
		};
		A95D785A2795D8D40058A3E8 /* animationTests */ = {
			isa = PBXGroup;
			children = (
				A95D785B2795D8D40058A3E8 /* animationTests.swift */,
			);
			path = animationTests;
			sourceTree = "<group>";
		};
		A95D78642795D8D40058A3E8 /* animationUITests */ = {
			isa = PBXGroup;
			children = (
				A95D78652795D8D40058A3E8 /* animationUITests.swift */,
				A95D78672795D8D40058A3E8 /* animationUITestsLaunchTests.swift */,
			);
			path = animationUITests;
			sourceTree = "<group>";
		};
/* End PBXGroup section */

/* Begin PBXNativeTarget section */
		A95D78402795D8D20058A3E8 /* animation */ = {
			isa = PBXNativeTarget;
			buildConfigurationList = A95D786B2795D8D40058A3E8 /* Build configuration list for PBXNativeTarget "animation" */;
			buildPhases = (
				A95D783D2795D8D20058A3E8 /* Sources */,
				A95D783E2795D8D20058A3E8 /* Frameworks */,
				A95D783F2795D8D20058A3E8 /* Resources */,
			);
			buildRules = (
			);
			dependencies = (
			);
			name = animation;
			productName = animation;
			productReference = A95D78412795D8D20058A3E8 /* animation.app */;
			productType = "com.apple.product-type.application";
		};
		A95D78562795D8D40058A3E8 /* animationTests */ = {
			isa = PBXNativeTarget;
			buildConfigurationList = A95D786E2795D8D40058A3E8 /* Build configuration list for PBXNativeTarget "animationTests" */;
			buildPhases = (
				A95D78532795D8D40058A3E8 /* Sources */,
				A95D78542795D8D40058A3E8 /* Frameworks */,
				A95D78552795D8D40058A3E8 /* Resources */,
			);
			buildRules = (
			);
			dependencies = (
				A95D78592795D8D40058A3E8 /* PBXTargetDependency */,
			);
			name = animationTests;
			productName = animationTests;
			productReference = A95D78572795D8D40058A3E8 /* animationTests.xctest */;
			productType = "com.apple.product-type.bundle.unit-test";
		};
		A95D78602795D8D40058A3E8 /* animationUITests */ = {
			isa = PBXNativeTarget;
			buildConfigurationList = A95D78712795D8D40058A3E8 /* Build configuration list for PBXNativeTarget "animationUITests" */;
			buildPhases = (
				A95D785D2795D8D40058A3E8 /* Sources */,
				A95D785E2795D8D40058A3E8 /* Frameworks */,
				A95D785F2795D8D40058A3E8 /* Resources */,
			);
			buildRules = (
			);
			dependencies = (
				A95D78632795D8D40058A3E8 /* PBXTargetDependency */,
			);
			name = animationUITests;
			productName = animationUITests;
			productReference = A95D78612795D8D40058A3E8 /* animationUITests.xctest */;
			productType = "com.apple.product-type.bundle.ui-testing";
		};
/* End PBXNativeTarget section */

/* Begin PBXProject section */
		A95D78392795D8D10058A3E8 /* Project object */ = {
			isa = PBXProject;
			attributes = {
				BuildIndependentTargetsInParallel = 1;
				LastSwiftUpdateCheck = 1320;
				LastUpgradeCheck = 1320;
				TargetAttributes = {
					A95D78402795D8D20058A3E8 = {
						CreatedOnToolsVersion = 13.2.1;
					};
					A95D78562795D8D40058A3E8 = {
						CreatedOnToolsVersion = 13.2.1;
						TestTargetID = A95D78402795D8D20058A3E8;
					};
					A95D78602795D8D40058A3E8 = {
						CreatedOnToolsVersion = 13.2.1;
						TestTargetID = A95D78402795D8D20058A3E8;
					};
				};
			};
			buildConfigurationList = A95D783C2795D8D10058A3E8 /* Build configuration list for PBXProject "animation" */;
			compatibilityVersion = "Xcode 13.0";
			developmentRegion = en;
			hasScannedForEncodings = 0;
			knownRegions = (
				en,
				Base,
			);
			mainGroup = A95D78382795D8D10058A3E8;
			productRefGroup = A95D78422795D8D20058A3E8 /* Products */;
			projectDirPath = "";
			projectRoot = "";
			targets = (
				A95D78402795D8D20058A3E8 /* animation */,
				A95D78562795D8D40058A3E8 /* animationTests */,
				A95D78602795D8D40058A3E8 /* animationUITests */,
			);
		};
/* End PBXProject section */

/* Begin PBXResourcesBuildPhase section */
		A95D783F2795D8D20058A3E8 /* Resources */ = {
			isa = PBXResourcesBuildPhase;
			buildActionMask = 2147483647;
			files = (
				A95D78512795D8D30058A3E8 /* LaunchScreen.storyboard in Resources */,
				A95D784E2795D8D30058A3E8 /* Assets.xcassets in Resources */,
				A95D784C2795D8D20058A3E8 /* Main.storyboard in Resources */,
			);
			runOnlyForDeploymentPostprocessing = 0;
		};
		A95D78552795D8D40058A3E8 /* Resources */ = {
			isa = PBXResourcesBuildPhase;
			buildActionMask = 2147483647;
			files = (
			);
			runOnlyForDeploymentPostprocessing = 0;
		};
		A95D785F2795D8D40058A3E8 /* Resources */ = {
			isa = PBXResourcesBuildPhase;
			buildActionMask = 2147483647;
			files = (
			);
			runOnlyForDeploymentPostprocessing = 0;
		};
/* End PBXResourcesBuildPhase section */

/* Begin PBXSourcesBuildPhase section */
		A95D783D2795D8D20058A3E8 /* Sources */ = {
			isa = PBXSourcesBuildPhase;
			buildActionMask = 2147483647;
			files = (
				A95D78492795D8D20058A3E8 /* ViewController.swift in Sources */,
				A95D78452795D8D20058A3E8 /* AppDelegate.swift in Sources */,
				A95D78472795D8D20058A3E8 /* SceneDelegate.swift in Sources */,
			);
			runOnlyForDeploymentPostprocessing = 0;
		};
		A95D78532795D8D40058A3E8 /* Sources */ = {
			isa = PBXSourcesBuildPhase;
			buildActionMask = 2147483647;
			files = (
				A95D785C2795D8D40058A3E8 /* animationTests.swift in Sources */,
			);
			runOnlyForDeploymentPostprocessing = 0;
		};
		A95D785D2795D8D40058A3E8 /* Sources */ = {
			isa = PBXSourcesBuildPhase;
			buildActionMask = 2147483647;
			files = (
				A95D78662795D8D40058A3E8 /* animationUITests.swift in Sources */,
				A95D78682795D8D40058A3E8 /* animationUITestsLaunchTests.swift in Sources */,
			);
			runOnlyForDeploymentPostprocessing = 0;
		};
/* End PBXSourcesBuildPhase section */

/* Begin PBXTargetDependency section */
		A95D78592795D8D40058A3E8 /* PBXTargetDependency */ = {
			isa = PBXTargetDependency;
			target = A95D78402795D8D20058A3E8 /* animation */;
			targetProxy = A95D78582795D8D40058A3E8 /* PBXContainerItemProxy */;
		};
		A95D78632795D8D40058A3E8 /* PBXTargetDependency */ = {
			isa = PBXTargetDependency;
			target = A95D78402795D8D20058A3E8 /* animation */;
			targetProxy = A95D78622795D8D40058A3E8 /* PBXContainerItemProxy */;
		};
/* End PBXTargetDependency section */

/* Begin PBXVariantGroup section */
		A95D784A2795D8D20058A3E8 /* Main.storyboard */ = {
			isa = PBXVariantGroup;
			children = (
				A95D784B2795D8D20058A3E8 /* Base */,
			);
			name = Main.storyboard;
			sourceTree = "<group>";
		};
		A95D784F2795D8D30058A3E8 /* LaunchScreen.storyboard */ = {
			isa = PBXVariantGroup;
			children = (
				A95D78502795D8D30058A3E8 /* Base */,
			);
			name = LaunchScreen.storyboard;
			sourceTree = "<group>";
		};
/* End PBXVariantGroup section */

/* Begin XCBuildConfiguration section */
		A95D78692795D8D40058A3E8 /* Debug */ = {
			isa = XCBuildConfiguration;
			buildSettings = {
				ALWAYS_SEARCH_USER_PATHS = NO;
				CLANG_ANALYZER_NONNULL = YES;
				CLANG_ANALYZER_NUMBER_OBJECT_CONVERSION = YES_AGGRESSIVE;
				CLANG_CXX_LANGUAGE_STANDARD = "gnu++17";
				CLANG_CXX_LIBRARY = "libc++";
				CLANG_ENABLE_MODULES = YES;
				CLANG_ENABLE_OBJC_ARC = YES;
				CLANG_ENABLE_OBJC_WEAK = YES;
				CLANG_WARN_BLOCK_CAPTURE_AUTORELEASING = YES;
				CLANG_WARN_BOOL_CONVERSION = YES;
				CLANG_WARN_COMMA = YES;
				CLANG_WARN_CONSTANT_CONVERSION = YES;
				CLANG_WARN_DEPRECATED_OBJC_IMPLEMENTATIONS = YES;
				CLANG_WARN_DIRECT_OBJC_ISA_USAGE = YES_ERROR;
				CLANG_WARN_DOCUMENTATION_COMMENTS = YES;
				CLANG_WARN_EMPTY_BODY = YES;
				CLANG_WARN_ENUM_CONVERSION = YES;
				CLANG_WARN_INFINITE_RECURSION = YES;
				CLANG_WARN_INT_CONVERSION = YES;
				CLANG_WARN_NON_LITERAL_NULL_CONVERSION = YES;
				CLANG_WARN_OBJC_IMPLICIT_RETAIN_SELF = YES;
				CLANG_WARN_OBJC_LITERAL_CONVERSION = YES;
				CLANG_WARN_OBJC_ROOT_CLASS = YES_ERROR;
				CLANG_WARN_QUOTED_INCLUDE_IN_FRAMEWORK_HEADER = YES;
				CLANG_WARN_RANGE_LOOP_ANALYSIS = YES;
				CLANG_WARN_STRICT_PROTOTYPES = YES;
				CLANG_WARN_SUSPICIOUS_MOVE = YES;
				CLANG_WARN_UNGUARDED_AVAILABILITY = YES_AGGRESSIVE;
				CLANG_WARN_UNREACHABLE_CODE = YES;
				CLANG_WARN__DUPLICATE_METHOD_MATCH = YES;
				COPY_PHASE_STRIP = NO;
				DEBUG_INFORMATION_FORMAT = dwarf;
				ENABLE_STRICT_OBJC_MSGSEND = YES;
				ENABLE_TESTABILITY = YES;
				GCC_C_LANGUAGE_STANDARD = gnu11;
				GCC_DYNAMIC_NO_PIC = NO;
				GCC_NO_COMMON_BLOCKS = YES;
				GCC_OPTIMIZATION_LEVEL = 0;
				GCC_PREPROCESSOR_DEFINITIONS = (
					"DEBUG=1",
					"$(inherited)",
				);
				GCC_WARN_64_TO_32_BIT_CONVERSION = YES;
				GCC_WARN_ABOUT_RETURN_TYPE = YES_ERROR;
				GCC_WARN_UNDECLARED_SELECTOR = YES;
				GCC_WARN_UNINITIALIZED_AUTOS = YES_AGGRESSIVE;
				GCC_WARN_UNUSED_FUNCTION = YES;
				GCC_WARN_UNUSED_VARIABLE = YES;
				IPHONEOS_DEPLOYMENT_TARGET = 15.2;
				MTL_ENABLE_DEBUG_INFO = INCLUDE_SOURCE;
				MTL_FAST_MATH = YES;
				ONLY_ACTIVE_ARCH = YES;
				SDKROOT = iphoneos;
				SWIFT_ACTIVE_COMPILATION_CONDITIONS = DEBUG;
				SWIFT_OPTIMIZATION_LEVEL = "-Onone";
			};
			name = Debug;
		};
		A95D786A2795D8D40058A3E8 /* Release */ = {
			isa = XCBuildConfiguration;
			buildSettings = {
				ALWAYS_SEARCH_USER_PATHS = NO;
				CLANG_ANALYZER_NONNULL = YES;
				CLANG_ANALYZER_NUMBER_OBJECT_CONVERSION = YES_AGGRESSIVE;
				CLANG_CXX_LANGUAGE_STANDARD = "gnu++17";
				CLANG_CXX_LIBRARY = "libc++";
				CLANG_ENABLE_MODULES = YES;
				CLANG_ENABLE_OBJC_ARC = YES;
				CLANG_ENABLE_OBJC_WEAK = YES;
				CLANG_WARN_BLOCK_CAPTURE_AUTORELEASING = YES;
				CLANG_WARN_BOOL_CONVERSION = YES;
				CLANG_WARN_COMMA = YES;
				CLANG_WARN_CONSTANT_CONVERSION = YES;
				CLANG_WARN_DEPRECATED_OBJC_IMPLEMENTATIONS = YES;
				CLANG_WARN_DIRECT_OBJC_ISA_USAGE = YES_ERROR;
				CLANG_WARN_DOCUMENTATION_COMMENTS = YES;
				CLANG_WARN_EMPTY_BODY = YES;
				CLANG_WARN_ENUM_CONVERSION = YES;
				CLANG_WARN_INFINITE_RECURSION = YES;
				CLANG_WARN_INT_CONVERSION = YES;
				CLANG_WARN_NON_LITERAL_NULL_CONVERSION = YES;
				CLANG_WARN_OBJC_IMPLICIT_RETAIN_SELF = YES;
				CLANG_WARN_OBJC_LITERAL_CONVERSION = YES;
				CLANG_WARN_OBJC_ROOT_CLASS = YES_ERROR;
				CLANG_WARN_QUOTED_INCLUDE_IN_FRAMEWORK_HEADER = YES;
				CLANG_WARN_RANGE_LOOP_ANALYSIS = YES;
				CLANG_WARN_STRICT_PROTOTYPES = YES;
				CLANG_WARN_SUSPICIOUS_MOVE = YES;
				CLANG_WARN_UNGUARDED_AVAILABILITY = YES_AGGRESSIVE;
				CLANG_WARN_UNREACHABLE_CODE = YES;
				CLANG_WARN__DUPLICATE_METHOD_MATCH = YES;
				COPY_PHASE_STRIP = NO;
				DEBUG_INFORMATION_FORMAT = "dwarf-with-dsym";
				ENABLE_NS_ASSERTIONS = NO;
				ENABLE_STRICT_OBJC_MSGSEND = YES;
				GCC_C_LANGUAGE_STANDARD = gnu11;
				GCC_NO_COMMON_BLOCKS = YES;
				GCC_WARN_64_TO_32_BIT_CONVERSION = YES;
				GCC_WARN_ABOUT_RETURN_TYPE = YES_ERROR;
				GCC_WARN_UNDECLARED_SELECTOR = YES;
				GCC_WARN_UNINITIALIZED_AUTOS = YES_AGGRESSIVE;
				GCC_WARN_UNUSED_FUNCTION = YES;
				GCC_WARN_UNUSED_VARIABLE = YES;
				IPHONEOS_DEPLOYMENT_TARGET = 15.2;
				MTL_ENABLE_DEBUG_INFO = NO;
				MTL_FAST_MATH = YES;
				SDKROOT = iphoneos;
				SWIFT_COMPILATION_MODE = wholemodule;
				SWIFT_OPTIMIZATION_LEVEL = "-O";
				VALIDATE_PRODUCT = YES;
			};
			name = Release;
		};
		A95D786C2795D8D40058A3E8 /* Debug */ = {
			isa = XCBuildConfiguration;
			buildSettings = {
				ASSETCATALOG_COMPILER_APPICON_NAME = AppIcon;
				ASSETCATALOG_COMPILER_GLOBAL_ACCENT_COLOR_NAME = AccentColor;
				CODE_SIGN_STYLE = Automatic;
				CURRENT_PROJECT_VERSION = 1;
				GENERATE_INFOPLIST_FILE = YES;
				INFOPLIST_FILE = animation/Info.plist;
				INFOPLIST_KEY_UIApplicationSupportsIndirectInputEvents = YES;
				INFOPLIST_KEY_UILaunchStoryboardName = LaunchScreen;
				INFOPLIST_KEY_UIMainStoryboardFile = Main;
				INFOPLIST_KEY_UISupportedInterfaceOrientations_iPad = "UIInterfaceOrientationPortrait UIInterfaceOrientationPortraitUpsideDown UIInterfaceOrientationLandscapeLeft UIInterfaceOrientationLandscapeRight";
				INFOPLIST_KEY_UISupportedInterfaceOrientations_iPhone = "UIInterfaceOrientationPortrait UIInterfaceOrientationLandscapeLeft UIInterfaceOrientationLandscapeRight";
				LD_RUNPATH_SEARCH_PATHS = (
					"$(inherited)",
					"@executable_path/Frameworks",
				);
				MARKETING_VERSION = 1.0;
				PRODUCT_BUNDLE_IDENTIFIER = animation.animation;
				PRODUCT_NAME = "$(TARGET_NAME)";
				SWIFT_EMIT_LOC_STRINGS = YES;
				SWIFT_VERSION = 5.0;
				TARGETED_DEVICE_FAMILY = "1,2";
			};
			name = Debug;
		};
		A95D786D2795D8D40058A3E8 /* Release */ = {
			isa = XCBuildConfiguration;
			buildSettings = {
				ASSETCATALOG_COMPILER_APPICON_NAME = AppIcon;
				ASSETCATALOG_COMPILER_GLOBAL_ACCENT_COLOR_NAME = AccentColor;
				CODE_SIGN_STYLE = Automatic;
				CURRENT_PROJECT_VERSION = 1;
				GENERATE_INFOPLIST_FILE = YES;
				INFOPLIST_FILE = animation/Info.plist;
				INFOPLIST_KEY_UIApplicationSupportsIndirectInputEvents = YES;
				INFOPLIST_KEY_UILaunchStoryboardName = LaunchScreen;
				INFOPLIST_KEY_UIMainStoryboardFile = Main;
				INFOPLIST_KEY_UISupportedInterfaceOrientations_iPad = "UIInterfaceOrientationPortrait UIInterfaceOrientationPortraitUpsideDown UIInterfaceOrientationLandscapeLeft UIInterfaceOrientationLandscapeRight";
				INFOPLIST_KEY_UISupportedInterfaceOrientations_iPhone = "UIInterfaceOrientationPortrait UIInterfaceOrientationLandscapeLeft UIInterfaceOrientationLandscapeRight";
				LD_RUNPATH_SEARCH_PATHS = (
					"$(inherited)",
					"@executable_path/Frameworks",
				);
				MARKETING_VERSION = 1.0;
				PRODUCT_BUNDLE_IDENTIFIER = animation.animation;
				PRODUCT_NAME = "$(TARGET_NAME)";
				SWIFT_EMIT_LOC_STRINGS = YES;
				SWIFT_VERSION = 5.0;
				TARGETED_DEVICE_FAMILY = "1,2";
			};
			name = Release;
		};
		A95D786F2795D8D40058A3E8 /* Debug */ = {
			isa = XCBuildConfiguration;
			buildSettings = {
				ALWAYS_EMBED_SWIFT_STANDARD_LIBRARIES = YES;
				BUNDLE_LOADER = "$(TEST_HOST)";
				CODE_SIGN_STYLE = Automatic;
				CURRENT_PROJECT_VERSION = 1;
				GENERATE_INFOPLIST_FILE = YES;
				IPHONEOS_DEPLOYMENT_TARGET = 15.2;
				MARKETING_VERSION = 1.0;
				PRODUCT_BUNDLE_IDENTIFIER = animation.animationTests;
				PRODUCT_NAME = "$(TARGET_NAME)";
				SWIFT_EMIT_LOC_STRINGS = NO;
				SWIFT_VERSION = 5.0;
				TARGETED_DEVICE_FAMILY = "1,2";
				TEST_HOST = "$(BUILT_PRODUCTS_DIR)/animation.app/animation";
			};
			name = Debug;
		};
		A95D78702795D8D40058A3E8 /* Release */ = {
			isa = XCBuildConfiguration;
			buildSettings = {
				ALWAYS_EMBED_SWIFT_STANDARD_LIBRARIES = YES;
				BUNDLE_LOADER = "$(TEST_HOST)";
				CODE_SIGN_STYLE = Automatic;
				CURRENT_PROJECT_VERSION = 1;
				GENERATE_INFOPLIST_FILE = YES;
				IPHONEOS_DEPLOYMENT_TARGET = 15.2;
				MARKETING_VERSION = 1.0;
				PRODUCT_BUNDLE_IDENTIFIER = animation.animationTests;
				PRODUCT_NAME = "$(TARGET_NAME)";
				SWIFT_EMIT_LOC_STRINGS = NO;
				SWIFT_VERSION = 5.0;
				TARGETED_DEVICE_FAMILY = "1,2";
				TEST_HOST = "$(BUILT_PRODUCTS_DIR)/animation.app/animation";
			};
			name = Release;
		};
		A95D78722795D8D40058A3E8 /* Debug */ = {
			isa = XCBuildConfiguration;
			buildSettings = {
				ALWAYS_EMBED_SWIFT_STANDARD_LIBRARIES = YES;
				CODE_SIGN_STYLE = Automatic;
				CURRENT_PROJECT_VERSION = 1;
				GENERATE_INFOPLIST_FILE = YES;
				MARKETING_VERSION = 1.0;
				PRODUCT_BUNDLE_IDENTIFIER = animation.animationUITests;
				PRODUCT_NAME = "$(TARGET_NAME)";
				SWIFT_EMIT_LOC_STRINGS = NO;
				SWIFT_VERSION = 5.0;
				TARGETED_DEVICE_FAMILY = "1,2";
				TEST_TARGET_NAME = animation;
			};
			name = Debug;
		};
		A95D78732795D8D40058A3E8 /* Release */ = {
			isa = XCBuildConfiguration;
			buildSettings = {
				ALWAYS_EMBED_SWIFT_STANDARD_LIBRARIES = YES;
				CODE_SIGN_STYLE = Automatic;
				CURRENT_PROJECT_VERSION = 1;
				GENERATE_INFOPLIST_FILE = YES;
				MARKETING_VERSION = 1.0;
				PRODUCT_BUNDLE_IDENTIFIER = animation.animationUITests;
				PRODUCT_NAME = "$(TARGET_NAME)";
				SWIFT_EMIT_LOC_STRINGS = NO;
				SWIFT_VERSION = 5.0;
				TARGETED_DEVICE_FAMILY = "1,2";
				TEST_TARGET_NAME = animation;
			};
			name = Release;
		};
/* End XCBuildConfiguration section */

/* Begin XCConfigurationList section */
		A95D783C2795D8D10058A3E8 /* Build configuration list for PBXProject "animation" */ = {
			isa = XCConfigurationList;
			buildConfigurations = (
				A95D78692795D8D40058A3E8 /* Debug */,
				A95D786A2795D8D40058A3E8 /* Release */,
			);
			defaultConfigurationIsVisible = 0;
			defaultConfigurationName = Release;
		};
		A95D786B2795D8D40058A3E8 /* Build configuration list for PBXNativeTarget "animation" */ = {
			isa = XCConfigurationList;
			buildConfigurations = (
				A95D786C2795D8D40058A3E8 /* Debug */,
				A95D786D2795D8D40058A3E8 /* Release */,
			);
			defaultConfigurationIsVisible = 0;
			defaultConfigurationName = Release;
		};
		A95D786E2795D8D40058A3E8 /* Build configuration list for PBXNativeTarget "animationTests" */ = {
			isa = XCConfigurationList;
			buildConfigurations = (
				A95D786F2795D8D40058A3E8 /* Debug */,
				A95D78702795D8D40058A3E8 /* Release */,
			);
			defaultConfigurationIsVisible = 0;
			defaultConfigurationName = Release;
		};
		A95D78712795D8D40058A3E8 /* Build configuration list for PBXNativeTarget "animationUITests" */ = {
			isa = XCConfigurationList;
			buildConfigurations = (
				A95D78722795D8D40058A3E8 /* Debug */,
				A95D78732795D8D40058A3E8 /* Release */,
			);
			defaultConfigurationIsVisible = 0;
			defaultConfigurationName = Release;
		};
/* End XCConfigurationList section */
	};
	rootObject = A95D78392795D8D10058A3E8 /* Project object */;
}
